
Microsoft Visual Studio Solution File, Format Version 12.00
# Visual Studio 15
VisualStudioVersion = 15.0.27428.2005
MinimumVisualStudioVersion = 10.0.40219.1
Project("{FAE04EC0-301F-11D3-BF4B-00C04F79EFBC}") = "KSP_ColorPicker", "KSP_ColorPicker\KSP_ColorPicker.csproj", "{AC1CCB95-383D-468A-A659-7161117F8A8F}"
	ProjectSection(ProjectDependencies) = postProject
		{050C9E13-F2A0-46BE-B3AC-5AB4DC8B8954} = {050C9E13-F2A0-46BE-B3AC-5AB4DC8B8954}
		{D4353784-80E0-4EC2-A13E-ABBD09EA1A78} = {D4353784-80E0-4EC2-A13E-ABBD09EA1A78}
	EndProjectSection
EndProject
Project("{2150E333-8FDC-42A3-9474-1A3956D46DE8}") = "Solution Items", "Solution Items", "{5116282D-E08F-4414-93F7-E2C3DFDA5C86}"
	ProjectSection(SolutionItems) = preProject
		buildRelease.bat = buildRelease.bat
		copyDLLtoPlugins.bat = copyDLLtoPlugins.bat
		deploy.bat = deploy.bat
		jenkins.txt = jenkins.txt
		KSP_ColorPicker.oversion = KSP_ColorPicker.oversion
		KSP_Log.oversion = KSP_Log.oversion
		KSP_PartHighlighter.oversion = KSP_PartHighlighter.oversion
		License.md = License.md
		ReadMe.md = ReadMe.md
		SpaceTuxLibrary.version = SpaceTuxLibrary.version
	EndProjectSection
EndProject
Project("{FAE04EC0-301F-11D3-BF4B-00C04F79EFBC}") = "KSP_PartHighlighter", "KSP_PartHighlighter\KSP_PartHighlighter.csproj", "{050C9E13-F2A0-46BE-B3AC-5AB4DC8B8954}"
	ProjectSection(ProjectDependencies) = postProject
		{D4353784-80E0-4EC2-A13E-ABBD09EA1A78} = {D4353784-80E0-4EC2-A13E-ABBD09EA1A78}
	EndProjectSection
EndProject
Project("{FAE04EC0-301F-11D3-BF4B-00C04F79EFBC}") = "KSP_Log", "KSP_Log\KSP_Log.csproj", "{D4353784-80E0-4EC2-A13E-ABBD09EA1A78}"
EndProject
Project("{FAE04EC0-301F-11D3-BF4B-00C04F79EFBC}") = "ListTransforms", "ListTransforms\ListTransforms.csproj", "{024152F2-BCBE-4877-B3EB-96D06192032F}"
EndProject
Global
	GlobalSection(SolutionConfigurationPlatforms) = preSolution
		Debug|Any CPU = Debug|Any CPU
		Release|Any CPU = Release|Any CPU
	EndGlobalSection
	GlobalSection(ProjectConfigurationPlatforms) = postSolution
		{AC1CCB95-383D-468A-A659-7161117F8A8F}.Debug|Any CPU.ActiveCfg = Debug|Any CPU
		{AC1CCB95-383D-468A-A659-7161117F8A8F}.Debug|Any CPU.Build.0 = Debug|Any CPU
		{AC1CCB95-383D-468A-A659-7161117F8A8F}.Release|Any CPU.ActiveCfg = Release|Any CPU
		{AC1CCB95-383D-468A-A659-7161117F8A8F}.Release|Any CPU.Build.0 = Release|Any CPU
		{050C9E13-F2A0-46BE-B3AC-5AB4DC8B8954}.Debug|Any CPU.ActiveCfg = Debug|Any CPU
		{050C9E13-F2A0-46BE-B3AC-5AB4DC8B8954}.Debug|Any CPU.Build.0 = Debug|Any CPU
		{050C9E13-F2A0-46BE-B3AC-5AB4DC8B8954}.Release|Any CPU.ActiveCfg = Release|Any CPU
		{050C9E13-F2A0-46BE-B3AC-5AB4DC8B8954}.Release|Any CPU.Build.0 = Release|Any CPU
		{D4353784-80E0-4EC2-A13E-ABBD09EA1A78}.Debug|Any CPU.ActiveCfg = Debug|Any CPU
		{D4353784-80E0-4EC2-A13E-ABBD09EA1A78}.Debug|Any CPU.Build.0 = Debug|Any CPU
		{D4353784-80E0-4EC2-A13E-ABBD09EA1A78}.Release|Any CPU.ActiveCfg = Release|Any CPU
		{D4353784-80E0-4EC2-A13E-ABBD09EA1A78}.Release|Any CPU.Build.0 = Release|Any CPU
		{024152F2-BCBE-4877-B3EB-96D06192032F}.Debug|Any CPU.ActiveCfg = Debug|Any CPU
		{024152F2-BCBE-4877-B3EB-96D06192032F}.Debug|Any CPU.Build.0 = Debug|Any CPU
		{024152F2-BCBE-4877-B3EB-96D06192032F}.Release|Any CPU.ActiveCfg = Release|Any CPU
		{024152F2-BCBE-4877-B3EB-96D06192032F}.Release|Any CPU.Build.0 = Release|Any CPU
	EndGlobalSection
	GlobalSection(SolutionProperties) = preSolution
		HideSolutionNode = FALSE
	EndGlobalSection
	GlobalSection(ExtensibilityGlobals) = postSolution
		SolutionGuid = {55883574-6171-41FC-B22D-A68BDF776219}
	EndGlobalSection
EndGlobal
